
Microsoft Visual Studio Solution File, Format Version 12.00
Project("{FAE04EC0-301F-11D3-BF4B-00C04F79EFBC}") = "ORM.Lexer", "ORM.Lexer\ORM.Lexer.csproj", "{9802C268-0F39-45D5-869A-4C1246FA45A5}"
EndProject
Project("{FAE04EC0-301F-11D3-BF4B-00C04F79EFBC}") = "ORM.Console", "ORM.Console\ORM.Console.csproj", "{7F71F6AC-6BB7-4983-94E6-BC2DA03DBFDB}"
EndProject
Project("{FAE04EC0-301F-11D3-BF4B-00C04F79EFBC}") = "ORM.Core", "ORM.Core\ORM.Core.csproj", "{12AB0123-F94C-46F0-8C36-355EB9948D3E}"
EndProject
Project("{FAE04EC0-301F-11D3-BF4B-00C04F79EFBC}") = "ORM.Infrastructure", "ORM.Infrastructure\ORM.Infrastructure.csproj", "{B41A8FBD-22A4-44A9-8FB4-69F7FC0B3687}"
EndProject
Project("{FAE04EC0-301F-11D3-BF4B-00C04F79EFBC}") = "ORM.Parser", "ORM.Parser\ORM.Parser.csproj", "{A6AE6C21-D420-4831-AEA1-2B496E9EFAC8}"
EndProject
Global
	GlobalSection(SolutionConfigurationPlatforms) = preSolution
		Debug|Any CPU = Debug|Any CPU
		Release|Any CPU = Release|Any CPU
	EndGlobalSection
	GlobalSection(ProjectConfigurationPlatforms) = postSolution
		{9802C268-0F39-45D5-869A-4C1246FA45A5}.Debug|Any CPU.ActiveCfg = Debug|Any CPU
		{9802C268-0F39-45D5-869A-4C1246FA45A5}.Debug|Any CPU.Build.0 = Debug|Any CPU
		{9802C268-0F39-45D5-869A-4C1246FA45A5}.Release|Any CPU.ActiveCfg = Release|Any CPU
		{9802C268-0F39-45D5-869A-4C1246FA45A5}.Release|Any CPU.Build.0 = Release|Any CPU
		{7F71F6AC-6BB7-4983-94E6-BC2DA03DBFDB}.Debug|Any CPU.ActiveCfg = Debug|Any CPU
		{7F71F6AC-6BB7-4983-94E6-BC2DA03DBFDB}.Debug|Any CPU.Build.0 = Debug|Any CPU
		{7F71F6AC-6BB7-4983-94E6-BC2DA03DBFDB}.Release|Any CPU.ActiveCfg = Release|Any CPU
		{7F71F6AC-6BB7-4983-94E6-BC2DA03DBFDB}.Release|Any CPU.Build.0 = Release|Any CPU
		{12AB0123-F94C-46F0-8C36-355EB9948D3E}.Debug|Any CPU.ActiveCfg = Debug|Any CPU
		{12AB0123-F94C-46F0-8C36-355EB9948D3E}.Debug|Any CPU.Build.0 = Debug|Any CPU
		{12AB0123-F94C-46F0-8C36-355EB9948D3E}.Release|Any CPU.ActiveCfg = Release|Any CPU
		{12AB0123-F94C-46F0-8C36-355EB9948D3E}.Release|Any CPU.Build.0 = Release|Any CPU
		{B41A8FBD-22A4-44A9-8FB4-69F7FC0B3687}.Debug|Any CPU.ActiveCfg = Debug|Any CPU
		{B41A8FBD-22A4-44A9-8FB4-69F7FC0B3687}.Debug|Any CPU.Build.0 = Debug|Any CPU
		{B41A8FBD-22A4-44A9-8FB4-69F7FC0B3687}.Release|Any CPU.ActiveCfg = Release|Any CPU
		{B41A8FBD-22A4-44A9-8FB4-69F7FC0B3687}.Release|Any CPU.Build.0 = Release|Any CPU
		{A6AE6C21-D420-4831-AEA1-2B496E9EFAC8}.Debug|Any CPU.ActiveCfg = Debug|Any CPU
		{A6AE6C21-D420-4831-AEA1-2B496E9EFAC8}.Debug|Any CPU.Build.0 = Debug|Any CPU
		{A6AE6C21-D420-4831-AEA1-2B496E9EFAC8}.Release|Any CPU.ActiveCfg = Release|Any CPU
		{A6AE6C21-D420-4831-AEA1-2B496E9EFAC8}.Release|Any CPU.Build.0 = Release|Any CPU
	EndGlobalSection
EndGlobal
